
Microsoft Visual Studio Solution File, Format Version 12.00
# Visual Studio 14
VisualStudioVersion = 14.0.23107.0
MinimumVisualStudioVersion = 10.0.40219.1
Project("{FAE04EC0-301F-11D3-BF4B-00C04F79EFBC}") = "SteamToolCSharp_CONSOLE", "SteamToolCSharp_CONSOLE\SteamToolCSharp_CONSOLE.csproj", "{A869EC84-6CFE-4823-A712-CF4F2ADC9ABF}"
EndProject
Global
	GlobalSection(SolutionConfigurationPlatforms) = preSolution
		Debug|Any CPU = Debug|Any CPU
		Release|Any CPU = Release|Any CPU
	EndGlobalSection
	GlobalSection(ProjectConfigurationPlatforms) = postSolution
		{A869EC84-6CFE-4823-A712-CF4F2ADC9ABF}.Debug|Any CPU.ActiveCfg = Debug|Any CPU
		{A869EC84-6CFE-4823-A712-CF4F2ADC9ABF}.Debug|Any CPU.Build.0 = Debug|Any CPU
		{A869EC84-6CFE-4823-A712-CF4F2ADC9ABF}.Release|Any CPU.ActiveCfg = Release|Any CPU
		{A869EC84-6CFE-4823-A712-CF4F2ADC9ABF}.Release|Any CPU.Build.0 = Release|Any CPU
	EndGlobalSection
	GlobalSection(SolutionProperties) = preSolution
		HideSolutionNode = FALSE
	EndGlobalSection
EndGlobal
